
Microsoft Visual Studio Solution File, Format Version 12.00
# Visual Studio Version 17
VisualStudioVersion = 17.10.34928.147
MinimumVisualStudioVersion = 10.0.40219.1
Project("{FAE04EC0-301F-11D3-BF4B-00C04F79EFBC}") = "Clothes_Petar", "Clothes_Petar\Clothes_Petar.csproj", "{1F260EE2-0B9B-492D-AE81-AF9CE20EC59A}"
EndProject
Global
	GlobalSection(SolutionConfigurationPlatforms) = preSolution
		Debug|Any CPU = Debug|Any CPU
		Release|Any CPU = Release|Any CPU
	EndGlobalSection
	GlobalSection(ProjectConfigurationPlatforms) = postSolution
		{1F260EE2-0B9B-492D-AE81-AF9CE20EC59A}.Debug|Any CPU.ActiveCfg = Debug|Any CPU
		{1F260EE2-0B9B-492D-AE81-AF9CE20EC59A}.Debug|Any CPU.Build.0 = Debug|Any CPU
		{1F260EE2-0B9B-492D-AE81-AF9CE20EC59A}.Release|Any CPU.ActiveCfg = Release|Any CPU
		{1F260EE2-0B9B-492D-AE81-AF9CE20EC59A}.Release|Any CPU.Build.0 = Release|Any CPU
	EndGlobalSection
	GlobalSection(SolutionProperties) = preSolution
		HideSolutionNode = FALSE
	EndGlobalSection
	GlobalSection(ExtensibilityGlobals) = postSolution
		SolutionGuid = {C7706331-9609-45C4-B0A9-CFF1C6A648E9}
	EndGlobalSection
EndGlobal
